
Microsoft Visual Studio Solution File, Format Version 12.00
# Visual Studio 2013
VisualStudioVersion = 12.0.30501.0
MinimumVisualStudioVersion = 10.0.40219.1
Project("{FAE04EC0-301F-11D3-BF4B-00C04F79EFBC}") = "SPSTwitterClickOnce", "SPSTwitterClickOnce\SPSTwitterClickOnce.csproj", "{76F9F160-B535-42E5-B201-0ED51345E760}"
	ProjectSection(ProjectDependencies) = postProject
		{3CEBFB25-980B-462B-A100-9A6EC610FA45} = {3CEBFB25-980B-462B-A100-9A6EC610FA45}
	EndProjectSection
EndProject
Project("{FAE04EC0-301F-11D3-BF4B-00C04F79EFBC}") = "TwitterConnector", "Twitterizer2\TwitterConnector.csproj", "{2FDC3492-6B9E-4771-9755-7892C9CB1E96}"
EndProject
Project("{FAE04EC0-301F-11D3-BF4B-00C04F79EFBC}") = "TwitterHost", "TwitterHost\TwitterHost.csproj", "{3CEBFB25-980B-462B-A100-9A6EC610FA45}"
EndProject
Project("{2150E333-8FDC-42A3-9474-1A3956D46DE8}") = "SPSTwitterStore", "SPSTwitterStore", "{4E232B8E-3B40-4A2C-9B5C-FC5A93A9B0DE}"
EndProject
Project("{D954291E-2A0B-460D-934E-DC6B0785DB48}") = "SPSTwitterStore.Shared", "SPSTwitterStore\SPSTwitterStore.Shared\SPSTwitterStore.Shared.shproj", "{D0CAAED3-A5B7-4AC2-9C51-8DD28FBCA57A}"
EndProject
Project("{FAE04EC0-301F-11D3-BF4B-00C04F79EFBC}") = "SPSTwitterStore.Windows", "SPSTwitterStore\SPSTwitterStore.Windows\SPSTwitterStore.Windows.csproj", "{A677552E-ABC3-471E-AE6C-DCFB51DDCF7E}"
	ProjectSection(ProjectDependencies) = postProject
		{3CEBFB25-980B-462B-A100-9A6EC610FA45} = {3CEBFB25-980B-462B-A100-9A6EC610FA45}
	EndProjectSection
EndProject
Project("{FAE04EC0-301F-11D3-BF4B-00C04F79EFBC}") = "SPSTwitterStore.WindowsPhone", "SPSTwitterStore\SPSTwitterStore.WindowsPhone\SPSTwitterStore.WindowsPhone.csproj", "{810BFE2B-DF95-4D85-949B-563C293050CC}"
EndProject
Project("{2150E333-8FDC-42A3-9474-1A3956D46DE8}") = ".nuget", ".nuget", "{CD633541-7A94-45FA-8AEA-4ACAF3CDE077}"
EndProject
Project("{FAE04EC0-301F-11D3-BF4B-00C04F79EFBC}") = "InstagramConnect", "InstagramConnect\InstagramConnect.csproj", "{AC36AC91-32CA-449B-B46B-451E2951867E}"
EndProject
Project("{FAE04EC0-301F-11D3-BF4B-00C04F79EFBC}") = "TwitterHostTest", "TwitterHostTest\TwitterHostTest.csproj", "{22618F3F-3811-440B-A5C3-E30C6CE014DE}"
	ProjectSection(ProjectDependencies) = postProject
		{3CEBFB25-980B-462B-A100-9A6EC610FA45} = {3CEBFB25-980B-462B-A100-9A6EC610FA45}
	EndProjectSection
EndProject
Global
	GlobalSection(SharedMSBuildProjectFiles) = preSolution
		SPSTwitterStore\SPSTwitterStore.Shared\SPSTwitterStore.Shared.projitems*{a677552e-abc3-471e-ae6c-dcfb51ddcf7e}*SharedItemsImports = 4
		SPSTwitterStore\SPSTwitterStore.Shared\SPSTwitterStore.Shared.projitems*{d0caaed3-a5b7-4ac2-9c51-8dd28fbca57a}*SharedItemsImports = 13
		SPSTwitterStore\SPSTwitterStore.Shared\SPSTwitterStore.Shared.projitems*{810bfe2b-df95-4d85-949b-563c293050cc}*SharedItemsImports = 4
	EndGlobalSection
	GlobalSection(SolutionConfigurationPlatforms) = preSolution
		CCNET|Any CPU = CCNET|Any CPU
		CCNET|ARM = CCNET|ARM
		CCNET|x64 = CCNET|x64
		CCNET|x86 = CCNET|x86
		Debug|Any CPU = Debug|Any CPU
		Debug|ARM = Debug|ARM
		Debug|x64 = Debug|x64
		Debug|x86 = Debug|x86
		Mono-Debug|Any CPU = Mono-Debug|Any CPU
		Mono-Debug|ARM = Mono-Debug|ARM
		Mono-Debug|x64 = Mono-Debug|x64
		Mono-Debug|x86 = Mono-Debug|x86
		Mono-Release|Any CPU = Mono-Release|Any CPU
		Mono-Release|ARM = Mono-Release|ARM
		Mono-Release|x64 = Mono-Release|x64
		Mono-Release|x86 = Mono-Release|x86
		Release|Any CPU = Release|Any CPU
		Release|ARM = Release|ARM
		Release|x64 = Release|x64
		Release|x86 = Release|x86
	EndGlobalSection
	GlobalSection(ProjectConfigurationPlatforms) = postSolution
		{76F9F160-B535-42E5-B201-0ED51345E760}.CCNET|Any CPU.ActiveCfg = Release|Any CPU
		{76F9F160-B535-42E5-B201-0ED51345E760}.CCNET|Any CPU.Build.0 = Release|Any CPU
		{76F9F160-B535-42E5-B201-0ED51345E760}.CCNET|ARM.ActiveCfg = Debug|Any CPU
		{76F9F160-B535-42E5-B201-0ED51345E760}.CCNET|x64.ActiveCfg = Debug|Any CPU
		{76F9F160-B535-42E5-B201-0ED51345E760}.CCNET|x86.ActiveCfg = Debug|Any CPU
		{76F9F160-B535-42E5-B201-0ED51345E760}.Debug|Any CPU.ActiveCfg = Debug|Any CPU
		{76F9F160-B535-42E5-B201-0ED51345E760}.Debug|Any CPU.Build.0 = Debug|Any CPU
		{76F9F160-B535-42E5-B201-0ED51345E760}.Debug|ARM.ActiveCfg = Debug|Any CPU
		{76F9F160-B535-42E5-B201-0ED51345E760}.Debug|x64.ActiveCfg = Debug|Any CPU
		{76F9F160-B535-42E5-B201-0ED51345E760}.Debug|x86.ActiveCfg = Debug|Any CPU
		{76F9F160-B535-42E5-B201-0ED51345E760}.Mono-Debug|Any CPU.ActiveCfg = Debug|Any CPU
		{76F9F160-B535-42E5-B201-0ED51345E760}.Mono-Debug|Any CPU.Build.0 = Debug|Any CPU
		{76F9F160-B535-42E5-B201-0ED51345E760}.Mono-Debug|ARM.ActiveCfg = Debug|Any CPU
		{76F9F160-B535-42E5-B201-0ED51345E760}.Mono-Debug|x64.ActiveCfg = Debug|Any CPU
		{76F9F160-B535-42E5-B201-0ED51345E760}.Mono-Debug|x86.ActiveCfg = Debug|Any CPU
		{76F9F160-B535-42E5-B201-0ED51345E760}.Mono-Release|Any CPU.ActiveCfg = Release|Any CPU
		{76F9F160-B535-42E5-B201-0ED51345E760}.Mono-Release|Any CPU.Build.0 = Release|Any CPU
		{76F9F160-B535-42E5-B201-0ED51345E760}.Mono-Release|ARM.ActiveCfg = Release|Any CPU
		{76F9F160-B535-42E5-B201-0ED51345E760}.Mono-Release|x64.ActiveCfg = Release|Any CPU
		{76F9F160-B535-42E5-B201-0ED51345E760}.Mono-Release|x86.ActiveCfg = Release|Any CPU
		{76F9F160-B535-42E5-B201-0ED51345E760}.Release|Any CPU.ActiveCfg = Release|Any CPU
		{76F9F160-B535-42E5-B201-0ED51345E760}.Release|Any CPU.Build.0 = Release|Any CPU
		{76F9F160-B535-42E5-B201-0ED51345E760}.Release|ARM.ActiveCfg = Release|Any CPU
		{76F9F160-B535-42E5-B201-0ED51345E760}.Release|x64.ActiveCfg = Release|Any CPU
		{76F9F160-B535-42E5-B201-0ED51345E760}.Release|x86.ActiveCfg = Release|Any CPU
		{2FDC3492-6B9E-4771-9755-7892C9CB1E96}.CCNET|Any CPU.ActiveCfg = CCNET|Any CPU
		{2FDC3492-6B9E-4771-9755-7892C9CB1E96}.CCNET|Any CPU.Build.0 = CCNET|Any CPU
		{2FDC3492-6B9E-4771-9755-7892C9CB1E96}.CCNET|ARM.ActiveCfg = CCNET|Any CPU
		{2FDC3492-6B9E-4771-9755-7892C9CB1E96}.CCNET|x64.ActiveCfg = CCNET|Any CPU
		{2FDC3492-6B9E-4771-9755-7892C9CB1E96}.CCNET|x86.ActiveCfg = CCNET|Any CPU
		{2FDC3492-6B9E-4771-9755-7892C9CB1E96}.Debug|Any CPU.ActiveCfg = Debug|Any CPU
		{2FDC3492-6B9E-4771-9755-7892C9CB1E96}.Debug|Any CPU.Build.0 = Debug|Any CPU
		{2FDC3492-6B9E-4771-9755-7892C9CB1E96}.Debug|ARM.ActiveCfg = Debug|Any CPU
		{2FDC3492-6B9E-4771-9755-7892C9CB1E96}.Debug|x64.ActiveCfg = Debug|Any CPU
		{2FDC3492-6B9E-4771-9755-7892C9CB1E96}.Debug|x86.ActiveCfg = Debug|Any CPU
		{2FDC3492-6B9E-4771-9755-7892C9CB1E96}.Mono-Debug|Any CPU.ActiveCfg = Mono-Debug|Any CPU
		{2FDC3492-6B9E-4771-9755-7892C9CB1E96}.Mono-Debug|Any CPU.Build.0 = Mono-Debug|Any CPU
		{2FDC3492-6B9E-4771-9755-7892C9CB1E96}.Mono-Debug|ARM.ActiveCfg = Mono-Debug|Any CPU
		{2FDC3492-6B9E-4771-9755-7892C9CB1E96}.Mono-Debug|x64.ActiveCfg = Mono-Debug|Any CPU
		{2FDC3492-6B9E-4771-9755-7892C9CB1E96}.Mono-Debug|x86.ActiveCfg = Mono-Debug|Any CPU
		{2FDC3492-6B9E-4771-9755-7892C9CB1E96}.Mono-Release|Any CPU.ActiveCfg = Mono-Release|Any CPU
		{2FDC3492-6B9E-4771-9755-7892C9CB1E96}.Mono-Release|Any CPU.Build.0 = Mono-Release|Any CPU
		{2FDC3492-6B9E-4771-9755-7892C9CB1E96}.Mono-Release|ARM.ActiveCfg = Mono-Release|Any CPU
		{2FDC3492-6B9E-4771-9755-7892C9CB1E96}.Mono-Release|x64.ActiveCfg = Mono-Release|Any CPU
		{2FDC3492-6B9E-4771-9755-7892C9CB1E96}.Mono-Release|x86.ActiveCfg = Mono-Release|Any CPU
		{2FDC3492-6B9E-4771-9755-7892C9CB1E96}.Release|Any CPU.ActiveCfg = Release|Any CPU
		{2FDC3492-6B9E-4771-9755-7892C9CB1E96}.Release|Any CPU.Build.0 = Release|Any CPU
		{2FDC3492-6B9E-4771-9755-7892C9CB1E96}.Release|ARM.ActiveCfg = Release|Any CPU
		{2FDC3492-6B9E-4771-9755-7892C9CB1E96}.Release|x64.ActiveCfg = Release|Any CPU
		{2FDC3492-6B9E-4771-9755-7892C9CB1E96}.Release|x86.ActiveCfg = Release|Any CPU
		{3CEBFB25-980B-462B-A100-9A6EC610FA45}.CCNET|Any CPU.ActiveCfg = Release|Any CPU
		{3CEBFB25-980B-462B-A100-9A6EC610FA45}.CCNET|Any CPU.Build.0 = Release|Any CPU
		{3CEBFB25-980B-462B-A100-9A6EC610FA45}.CCNET|ARM.ActiveCfg = Debug|Any CPU
		{3CEBFB25-980B-462B-A100-9A6EC610FA45}.CCNET|x64.ActiveCfg = Debug|Any CPU
		{3CEBFB25-980B-462B-A100-9A6EC610FA45}.CCNET|x86.ActiveCfg = Debug|Any CPU
		{3CEBFB25-980B-462B-A100-9A6EC610FA45}.Debug|Any CPU.ActiveCfg = Debug|Any CPU
		{3CEBFB25-980B-462B-A100-9A6EC610FA45}.Debug|Any CPU.Build.0 = Debug|Any CPU
		{3CEBFB25-980B-462B-A100-9A6EC610FA45}.Debug|ARM.ActiveCfg = Debug|Any CPU
		{3CEBFB25-980B-462B-A100-9A6EC610FA45}.Debug|x64.ActiveCfg = Debug|Any CPU
		{3CEBFB25-980B-462B-A100-9A6EC610FA45}.Debug|x86.ActiveCfg = Debug|Any CPU
		{3CEBFB25-980B-462B-A100-9A6EC610FA45}.Mono-Debug|Any CPU.ActiveCfg = Debug|Any CPU
		{3CEBFB25-980B-462B-A100-9A6EC610FA45}.Mono-Debug|Any CPU.Build.0 = Debug|Any CPU
		{3CEBFB25-980B-462B-A100-9A6EC610FA45}.Mono-Debug|ARM.ActiveCfg = Debug|Any CPU
		{3CEBFB25-980B-462B-A100-9A6EC610FA45}.Mono-Debug|x64.ActiveCfg = Debug|Any CPU
		{3CEBFB25-980B-462B-A100-9A6EC610FA45}.Mono-Debug|x86.ActiveCfg = Debug|Any CPU
		{3CEBFB25-980B-462B-A100-9A6EC610FA45}.Mono-Release|Any CPU.ActiveCfg = Release|Any CPU
		{3CEBFB25-980B-462B-A100-9A6EC610FA45}.Mono-Release|Any CPU.Build.0 = Release|Any CPU
		{3CEBFB25-980B-462B-A100-9A6EC610FA45}.Mono-Release|ARM.ActiveCfg = Release|Any CPU
		{3CEBFB25-980B-462B-A100-9A6EC610FA45}.Mono-Release|x64.ActiveCfg = Release|Any CPU
		{3CEBFB25-980B-462B-A100-9A6EC610FA45}.Mono-Release|x86.ActiveCfg = Release|Any CPU
		{3CEBFB25-980B-462B-A100-9A6EC610FA45}.Release|Any CPU.ActiveCfg = Release|Any CPU
		{3CEBFB25-980B-462B-A100-9A6EC610FA45}.Release|Any CPU.Build.0 = Release|Any CPU
		{3CEBFB25-980B-462B-A100-9A6EC610FA45}.Release|ARM.ActiveCfg = Release|Any CPU
		{3CEBFB25-980B-462B-A100-9A6EC610FA45}.Release|x64.ActiveCfg = Release|Any CPU
		{3CEBFB25-980B-462B-A100-9A6EC610FA45}.Release|x86.ActiveCfg = Release|Any CPU
		{A677552E-ABC3-471E-AE6C-DCFB51DDCF7E}.CCNET|Any CPU.ActiveCfg = Release|Any CPU
		{A677552E-ABC3-471E-AE6C-DCFB51DDCF7E}.CCNET|Any CPU.Build.0 = Release|Any CPU
		{A677552E-ABC3-471E-AE6C-DCFB51DDCF7E}.CCNET|Any CPU.Deploy.0 = Release|Any CPU
		{A677552E-ABC3-471E-AE6C-DCFB51DDCF7E}.CCNET|ARM.ActiveCfg = Release|ARM
		{A677552E-ABC3-471E-AE6C-DCFB51DDCF7E}.CCNET|ARM.Build.0 = Release|ARM
		{A677552E-ABC3-471E-AE6C-DCFB51DDCF7E}.CCNET|ARM.Deploy.0 = Release|ARM
		{A677552E-ABC3-471E-AE6C-DCFB51DDCF7E}.CCNET|x64.ActiveCfg = Release|x64
		{A677552E-ABC3-471E-AE6C-DCFB51DDCF7E}.CCNET|x64.Build.0 = Release|x64
		{A677552E-ABC3-471E-AE6C-DCFB51DDCF7E}.CCNET|x64.Deploy.0 = Release|x64
		{A677552E-ABC3-471E-AE6C-DCFB51DDCF7E}.CCNET|x86.ActiveCfg = Release|x86
		{A677552E-ABC3-471E-AE6C-DCFB51DDCF7E}.CCNET|x86.Build.0 = Release|x86
		{A677552E-ABC3-471E-AE6C-DCFB51DDCF7E}.CCNET|x86.Deploy.0 = Release|x86
		{A677552E-ABC3-471E-AE6C-DCFB51DDCF7E}.Debug|Any CPU.ActiveCfg = Debug|Any CPU
		{A677552E-ABC3-471E-AE6C-DCFB51DDCF7E}.Debug|Any CPU.Build.0 = Debug|Any CPU
		{A677552E-ABC3-471E-AE6C-DCFB51DDCF7E}.Debug|Any CPU.Deploy.0 = Debug|Any CPU
		{A677552E-ABC3-471E-AE6C-DCFB51DDCF7E}.Debug|ARM.ActiveCfg = Debug|ARM
		{A677552E-ABC3-471E-AE6C-DCFB51DDCF7E}.Debug|ARM.Build.0 = Debug|ARM
		{A677552E-ABC3-471E-AE6C-DCFB51DDCF7E}.Debug|ARM.Deploy.0 = Debug|ARM
		{A677552E-ABC3-471E-AE6C-DCFB51DDCF7E}.Debug|x64.ActiveCfg = Debug|x64
		{A677552E-ABC3-471E-AE6C-DCFB51DDCF7E}.Debug|x64.Build.0 = Debug|x64
		{A677552E-ABC3-471E-AE6C-DCFB51DDCF7E}.Debug|x64.Deploy.0 = Debug|x64
		{A677552E-ABC3-471E-AE6C-DCFB51DDCF7E}.Debug|x86.ActiveCfg = Debug|x86
		{A677552E-ABC3-471E-AE6C-DCFB51DDCF7E}.Debug|x86.Build.0 = Debug|x86
		{A677552E-ABC3-471E-AE6C-DCFB51DDCF7E}.Debug|x86.Deploy.0 = Debug|x86
		{A677552E-ABC3-471E-AE6C-DCFB51DDCF7E}.Mono-Debug|Any CPU.ActiveCfg = Debug|Any CPU
		{A677552E-ABC3-471E-AE6C-DCFB51DDCF7E}.Mono-Debug|Any CPU.Build.0 = Debug|Any CPU
		{A677552E-ABC3-471E-AE6C-DCFB51DDCF7E}.Mono-Debug|Any CPU.Deploy.0 = Debug|Any CPU
		{A677552E-ABC3-471E-AE6C-DCFB51DDCF7E}.Mono-Debug|ARM.ActiveCfg = Debug|ARM
		{A677552E-ABC3-471E-AE6C-DCFB51DDCF7E}.Mono-Debug|ARM.Build.0 = Debug|ARM
		{A677552E-ABC3-471E-AE6C-DCFB51DDCF7E}.Mono-Debug|ARM.Deploy.0 = Debug|ARM
		{A677552E-ABC3-471E-AE6C-DCFB51DDCF7E}.Mono-Debug|x64.ActiveCfg = Debug|x64
		{A677552E-ABC3-471E-AE6C-DCFB51DDCF7E}.Mono-Debug|x64.Build.0 = Debug|x64
		{A677552E-ABC3-471E-AE6C-DCFB51DDCF7E}.Mono-Debug|x64.Deploy.0 = Debug|x64
		{A677552E-ABC3-471E-AE6C-DCFB51DDCF7E}.Mono-Debug|x86.ActiveCfg = Debug|x86
		{A677552E-ABC3-471E-AE6C-DCFB51DDCF7E}.Mono-Debug|x86.Build.0 = Debug|x86
		{A677552E-ABC3-471E-AE6C-DCFB51DDCF7E}.Mono-Debug|x86.Deploy.0 = Debug|x86
		{A677552E-ABC3-471E-AE6C-DCFB51DDCF7E}.Mono-Release|Any CPU.ActiveCfg = Release|Any CPU
		{A677552E-ABC3-471E-AE6C-DCFB51DDCF7E}.Mono-Release|Any CPU.Build.0 = Release|Any CPU
		{A677552E-ABC3-471E-AE6C-DCFB51DDCF7E}.Mono-Release|Any CPU.Deploy.0 = Release|Any CPU
		{A677552E-ABC3-471E-AE6C-DCFB51DDCF7E}.Mono-Release|ARM.ActiveCfg = Release|ARM
		{A677552E-ABC3-471E-AE6C-DCFB51DDCF7E}.Mono-Release|ARM.Build.0 = Release|ARM
		{A677552E-ABC3-471E-AE6C-DCFB51DDCF7E}.Mono-Release|ARM.Deploy.0 = Release|ARM
		{A677552E-ABC3-471E-AE6C-DCFB51DDCF7E}.Mono-Release|x64.ActiveCfg = Release|x64
		{A677552E-ABC3-471E-AE6C-DCFB51DDCF7E}.Mono-Release|x64.Build.0 = Release|x64
		{A677552E-ABC3-471E-AE6C-DCFB51DDCF7E}.Mono-Release|x64.Deploy.0 = Release|x64
		{A677552E-ABC3-471E-AE6C-DCFB51DDCF7E}.Mono-Release|x86.ActiveCfg = Release|x86
		{A677552E-ABC3-471E-AE6C-DCFB51DDCF7E}.Mono-Release|x86.Build.0 = Release|x86
		{A677552E-ABC3-471E-AE6C-DCFB51DDCF7E}.Mono-Release|x86.Deploy.0 = Release|x86
		{A677552E-ABC3-471E-AE6C-DCFB51DDCF7E}.Release|Any CPU.ActiveCfg = Release|Any CPU
		{A677552E-ABC3-471E-AE6C-DCFB51DDCF7E}.Release|Any CPU.Build.0 = Release|Any CPU
		{A677552E-ABC3-471E-AE6C-DCFB51DDCF7E}.Release|Any CPU.Deploy.0 = Release|Any CPU
		{A677552E-ABC3-471E-AE6C-DCFB51DDCF7E}.Release|ARM.ActiveCfg = Release|ARM
		{A677552E-ABC3-471E-AE6C-DCFB51DDCF7E}.Release|ARM.Build.0 = Release|ARM
		{A677552E-ABC3-471E-AE6C-DCFB51DDCF7E}.Release|ARM.Deploy.0 = Release|ARM
		{A677552E-ABC3-471E-AE6C-DCFB51DDCF7E}.Release|x64.ActiveCfg = Release|x64
		{A677552E-ABC3-471E-AE6C-DCFB51DDCF7E}.Release|x64.Build.0 = Release|x64
		{A677552E-ABC3-471E-AE6C-DCFB51DDCF7E}.Release|x64.Deploy.0 = Release|x64
		{A677552E-ABC3-471E-AE6C-DCFB51DDCF7E}.Release|x86.ActiveCfg = Release|x86
		{A677552E-ABC3-471E-AE6C-DCFB51DDCF7E}.Release|x86.Build.0 = Release|x86
		{A677552E-ABC3-471E-AE6C-DCFB51DDCF7E}.Release|x86.Deploy.0 = Release|x86
		{810BFE2B-DF95-4D85-949B-563C293050CC}.CCNET|Any CPU.ActiveCfg = Release|Any CPU
		{810BFE2B-DF95-4D85-949B-563C293050CC}.CCNET|Any CPU.Build.0 = Release|Any CPU
		{810BFE2B-DF95-4D85-949B-563C293050CC}.CCNET|Any CPU.Deploy.0 = Release|Any CPU
		{810BFE2B-DF95-4D85-949B-563C293050CC}.CCNET|ARM.ActiveCfg = Release|ARM
		{810BFE2B-DF95-4D85-949B-563C293050CC}.CCNET|ARM.Build.0 = Release|ARM
		{810BFE2B-DF95-4D85-949B-563C293050CC}.CCNET|ARM.Deploy.0 = Release|ARM
		{810BFE2B-DF95-4D85-949B-563C293050CC}.CCNET|x64.ActiveCfg = Release|Any CPU
		{810BFE2B-DF95-4D85-949B-563C293050CC}.CCNET|x86.ActiveCfg = Release|x86
		{810BFE2B-DF95-4D85-949B-563C293050CC}.CCNET|x86.Build.0 = Release|x86
		{810BFE2B-DF95-4D85-949B-563C293050CC}.CCNET|x86.Deploy.0 = Release|x86
		{810BFE2B-DF95-4D85-949B-563C293050CC}.Debug|Any CPU.ActiveCfg = Debug|Any CPU
		{810BFE2B-DF95-4D85-949B-563C293050CC}.Debug|Any CPU.Build.0 = Debug|Any CPU
		{810BFE2B-DF95-4D85-949B-563C293050CC}.Debug|Any CPU.Deploy.0 = Debug|Any CPU
		{810BFE2B-DF95-4D85-949B-563C293050CC}.Debug|ARM.ActiveCfg = Debug|ARM
		{810BFE2B-DF95-4D85-949B-563C293050CC}.Debug|ARM.Build.0 = Debug|ARM
		{810BFE2B-DF95-4D85-949B-563C293050CC}.Debug|ARM.Deploy.0 = Debug|ARM
		{810BFE2B-DF95-4D85-949B-563C293050CC}.Debug|x64.ActiveCfg = Debug|Any CPU
		{810BFE2B-DF95-4D85-949B-563C293050CC}.Debug|x86.ActiveCfg = Debug|x86
		{810BFE2B-DF95-4D85-949B-563C293050CC}.Debug|x86.Build.0 = Debug|x86
		{810BFE2B-DF95-4D85-949B-563C293050CC}.Debug|x86.Deploy.0 = Debug|x86
		{810BFE2B-DF95-4D85-949B-563C293050CC}.Mono-Debug|Any CPU.ActiveCfg = Debug|Any CPU
		{810BFE2B-DF95-4D85-949B-563C293050CC}.Mono-Debug|Any CPU.Build.0 = Debug|Any CPU
		{810BFE2B-DF95-4D85-949B-563C293050CC}.Mono-Debug|Any CPU.Deploy.0 = Debug|Any CPU
		{810BFE2B-DF95-4D85-949B-563C293050CC}.Mono-Debug|ARM.ActiveCfg = Debug|ARM
		{810BFE2B-DF95-4D85-949B-563C293050CC}.Mono-Debug|ARM.Build.0 = Debug|ARM
		{810BFE2B-DF95-4D85-949B-563C293050CC}.Mono-Debug|ARM.Deploy.0 = Debug|ARM
		{810BFE2B-DF95-4D85-949B-563C293050CC}.Mono-Debug|x64.ActiveCfg = Debug|Any CPU
		{810BFE2B-DF95-4D85-949B-563C293050CC}.Mono-Debug|x86.ActiveCfg = Debug|x86
		{810BFE2B-DF95-4D85-949B-563C293050CC}.Mono-Debug|x86.Build.0 = Debug|x86
		{810BFE2B-DF95-4D85-949B-563C293050CC}.Mono-Debug|x86.Deploy.0 = Debug|x86
		{810BFE2B-DF95-4D85-949B-563C293050CC}.Mono-Release|Any CPU.ActiveCfg = Release|Any CPU
		{810BFE2B-DF95-4D85-949B-563C293050CC}.Mono-Release|Any CPU.Build.0 = Release|Any CPU
		{810BFE2B-DF95-4D85-949B-563C293050CC}.Mono-Release|Any CPU.Deploy.0 = Release|Any CPU
		{810BFE2B-DF95-4D85-949B-563C293050CC}.Mono-Release|ARM.ActiveCfg = Release|ARM
		{810BFE2B-DF95-4D85-949B-563C293050CC}.Mono-Release|ARM.Build.0 = Release|ARM
		{810BFE2B-DF95-4D85-949B-563C293050CC}.Mono-Release|ARM.Deploy.0 = Release|ARM
		{810BFE2B-DF95-4D85-949B-563C293050CC}.Mono-Release|x64.ActiveCfg = Release|Any CPU
		{810BFE2B-DF95-4D85-949B-563C293050CC}.Mono-Release|x86.ActiveCfg = Release|x86
		{810BFE2B-DF95-4D85-949B-563C293050CC}.Mono-Release|x86.Build.0 = Release|x86
		{810BFE2B-DF95-4D85-949B-563C293050CC}.Mono-Release|x86.Deploy.0 = Release|x86
		{810BFE2B-DF95-4D85-949B-563C293050CC}.Release|Any CPU.ActiveCfg = Release|Any CPU
		{810BFE2B-DF95-4D85-949B-563C293050CC}.Release|Any CPU.Build.0 = Release|Any CPU
		{810BFE2B-DF95-4D85-949B-563C293050CC}.Release|Any CPU.Deploy.0 = Release|Any CPU
		{810BFE2B-DF95-4D85-949B-563C293050CC}.Release|ARM.ActiveCfg = Release|ARM
		{810BFE2B-DF95-4D85-949B-563C293050CC}.Release|ARM.Build.0 = Release|ARM
		{810BFE2B-DF95-4D85-949B-563C293050CC}.Release|ARM.Deploy.0 = Release|ARM
		{810BFE2B-DF95-4D85-949B-563C293050CC}.Release|x64.ActiveCfg = Release|Any CPU
		{810BFE2B-DF95-4D85-949B-563C293050CC}.Release|x86.ActiveCfg = Release|x86
		{810BFE2B-DF95-4D85-949B-563C293050CC}.Release|x86.Build.0 = Release|x86
		{810BFE2B-DF95-4D85-949B-563C293050CC}.Release|x86.Deploy.0 = Release|x86
		{AC36AC91-32CA-449B-B46B-451E2951867E}.CCNET|Any CPU.ActiveCfg = Release|Any CPU
		{AC36AC91-32CA-449B-B46B-451E2951867E}.CCNET|Any CPU.Build.0 = Release|Any CPU
		{AC36AC91-32CA-449B-B46B-451E2951867E}.CCNET|ARM.ActiveCfg = Release|Any CPU
		{AC36AC91-32CA-449B-B46B-451E2951867E}.CCNET|x64.ActiveCfg = Release|Any CPU
		{AC36AC91-32CA-449B-B46B-451E2951867E}.CCNET|x86.ActiveCfg = Release|Any CPU
		{AC36AC91-32CA-449B-B46B-451E2951867E}.Debug|Any CPU.ActiveCfg = Debug|Any CPU
		{AC36AC91-32CA-449B-B46B-451E2951867E}.Debug|Any CPU.Build.0 = Debug|Any CPU
		{AC36AC91-32CA-449B-B46B-451E2951867E}.Debug|ARM.ActiveCfg = Debug|Any CPU
		{AC36AC91-32CA-449B-B46B-451E2951867E}.Debug|x64.ActiveCfg = Debug|Any CPU
		{AC36AC91-32CA-449B-B46B-451E2951867E}.Debug|x86.ActiveCfg = Debug|Any CPU
		{AC36AC91-32CA-449B-B46B-451E2951867E}.Mono-Debug|Any CPU.ActiveCfg = Debug|Any CPU
		{AC36AC91-32CA-449B-B46B-451E2951867E}.Mono-Debug|Any CPU.Build.0 = Debug|Any CPU
		{AC36AC91-32CA-449B-B46B-451E2951867E}.Mono-Debug|ARM.ActiveCfg = Debug|Any CPU
		{AC36AC91-32CA-449B-B46B-451E2951867E}.Mono-Debug|x64.ActiveCfg = Debug|Any CPU
		{AC36AC91-32CA-449B-B46B-451E2951867E}.Mono-Debug|x86.ActiveCfg = Debug|Any CPU
		{AC36AC91-32CA-449B-B46B-451E2951867E}.Mono-Release|Any CPU.ActiveCfg = Release|Any CPU
		{AC36AC91-32CA-449B-B46B-451E2951867E}.Mono-Release|Any CPU.Build.0 = Release|Any CPU
		{AC36AC91-32CA-449B-B46B-451E2951867E}.Mono-Release|ARM.ActiveCfg = Release|Any CPU
		{AC36AC91-32CA-449B-B46B-451E2951867E}.Mono-Release|x64.ActiveCfg = Release|Any CPU
		{AC36AC91-32CA-449B-B46B-451E2951867E}.Mono-Release|x86.ActiveCfg = Release|Any CPU
		{AC36AC91-32CA-449B-B46B-451E2951867E}.Release|Any CPU.ActiveCfg = Release|Any CPU
		{AC36AC91-32CA-449B-B46B-451E2951867E}.Release|Any CPU.Build.0 = Release|Any CPU
		{AC36AC91-32CA-449B-B46B-451E2951867E}.Release|ARM.ActiveCfg = Release|Any CPU
		{AC36AC91-32CA-449B-B46B-451E2951867E}.Release|x64.ActiveCfg = Release|Any CPU
		{AC36AC91-32CA-449B-B46B-451E2951867E}.Release|x86.ActiveCfg = Release|Any CPU
		{22618F3F-3811-440B-A5C3-E30C6CE014DE}.CCNET|Any CPU.ActiveCfg = Release|Any CPU
		{22618F3F-3811-440B-A5C3-E30C6CE014DE}.CCNET|Any CPU.Build.0 = Release|Any CPU
		{22618F3F-3811-440B-A5C3-E30C6CE014DE}.CCNET|ARM.ActiveCfg = Release|Any CPU
		{22618F3F-3811-440B-A5C3-E30C6CE014DE}.CCNET|x64.ActiveCfg = Release|Any CPU
		{22618F3F-3811-440B-A5C3-E30C6CE014DE}.CCNET|x86.ActiveCfg = Release|Any CPU
		{22618F3F-3811-440B-A5C3-E30C6CE014DE}.Debug|Any CPU.ActiveCfg = Debug|Any CPU
		{22618F3F-3811-440B-A5C3-E30C6CE014DE}.Debug|Any CPU.Build.0 = Debug|Any CPU
		{22618F3F-3811-440B-A5C3-E30C6CE014DE}.Debug|ARM.ActiveCfg = Debug|Any CPU
		{22618F3F-3811-440B-A5C3-E30C6CE014DE}.Debug|x64.ActiveCfg = Debug|Any CPU
		{22618F3F-3811-440B-A5C3-E30C6CE014DE}.Debug|x86.ActiveCfg = Debug|Any CPU
		{22618F3F-3811-440B-A5C3-E30C6CE014DE}.Mono-Debug|Any CPU.ActiveCfg = Debug|Any CPU
		{22618F3F-3811-440B-A5C3-E30C6CE014DE}.Mono-Debug|Any CPU.Build.0 = Debug|Any CPU
		{22618F3F-3811-440B-A5C3-E30C6CE014DE}.Mono-Debug|ARM.ActiveCfg = Debug|Any CPU
		{22618F3F-3811-440B-A5C3-E30C6CE014DE}.Mono-Debug|x64.ActiveCfg = Debug|Any CPU
		{22618F3F-3811-440B-A5C3-E30C6CE014DE}.Mono-Debug|x86.ActiveCfg = Debug|Any CPU
		{22618F3F-3811-440B-A5C3-E30C6CE014DE}.Mono-Release|Any CPU.ActiveCfg = Release|Any CPU
		{22618F3F-3811-440B-A5C3-E30C6CE014DE}.Mono-Release|Any CPU.Build.0 = Release|Any CPU
		{22618F3F-3811-440B-A5C3-E30C6CE014DE}.Mono-Release|ARM.ActiveCfg = Release|Any CPU
		{22618F3F-3811-440B-A5C3-E30C6CE014DE}.Mono-Release|x64.ActiveCfg = Release|Any CPU
		{22618F3F-3811-440B-A5C3-E30C6CE014DE}.Mono-Release|x86.ActiveCfg = Release|Any CPU
		{22618F3F-3811-440B-A5C3-E30C6CE014DE}.Release|Any CPU.ActiveCfg = Release|Any CPU
		{22618F3F-3811-440B-A5C3-E30C6CE014DE}.Release|Any CPU.Build.0 = Release|Any CPU
		{22618F3F-3811-440B-A5C3-E30C6CE014DE}.Release|ARM.ActiveCfg = Release|Any CPU
		{22618F3F-3811-440B-A5C3-E30C6CE014DE}.Release|x64.ActiveCfg = Release|Any CPU
		{22618F3F-3811-440B-A5C3-E30C6CE014DE}.Release|x86.ActiveCfg = Release|Any CPU
	EndGlobalSection
	GlobalSection(SolutionProperties) = preSolution
		HideSolutionNode = FALSE
	EndGlobalSection
	GlobalSection(NestedProjects) = preSolution
		{D0CAAED3-A5B7-4AC2-9C51-8DD28FBCA57A} = {4E232B8E-3B40-4A2C-9B5C-FC5A93A9B0DE}
		{A677552E-ABC3-471E-AE6C-DCFB51DDCF7E} = {4E232B8E-3B40-4A2C-9B5C-FC5A93A9B0DE}
		{810BFE2B-DF95-4D85-949B-563C293050CC} = {4E232B8E-3B40-4A2C-9B5C-FC5A93A9B0DE}
	EndGlobalSection
EndGlobal
